
Microsoft Visual Studio Solution File, Format Version 12.00
# Visual Studio 2013
VisualStudioVersion = 12.0.31101.0
MinimumVisualStudioVersion = 10.0.40219.1
Project("{8BC9CEB8-8B4A-11D0-8D11-00A0C91BC942}") = "Addicto.TxtFetcher", "Addicto.TxtFetcher\Addicto.TxtFetcher.vcxproj", "{09C6DE3D-B472-4CE4-A155-4757667AA86B}"
EndProject
Project("{FAE04EC0-301F-11D3-BF4B-00C04F79EFBC}") = "Addicto.UI", "Addicto.UI\Addicto.UI.csproj", "{67FAD250-4370-421E-BF77-090B42529D60}"
EndProject
Project("{2150E333-8FDC-42A3-9474-1A3956D46DE8}") = "Tests", "Tests", "{096A3723-BFE3-4E5C-A171-AEB511D85118}"
EndProject
Project("{FAE04EC0-301F-11D3-BF4B-00C04F79EFBC}") = "Addicto.DataService.Api", "Addicto.DataService.Api\Addicto.DataService.Api.csproj", "{1987A934-4B39-4F24-A5AC-6C3F2DF5AE9C}"
	ProjectSection(ProjectDependencies) = postProject
		{9C737B40-51D8-47B4-8AC2-40C21E3B0776} = {9C737B40-51D8-47B4-8AC2-40C21E3B0776}
		{9F399DCE-7BA8-4E3D-BF8E-44A796BDF279} = {9F399DCE-7BA8-4E3D-BF8E-44A796BDF279}
	EndProjectSection
EndProject
Project("{FAE04EC0-301F-11D3-BF4B-00C04F79EFBC}") = "Addicto.DataService.Api.Tests", "Addicto.DataService.Api.Tests\Addicto.DataService.Api.Tests.csproj", "{A95B884D-905E-45C8-A972-3FF811E0FE76}"
EndProject
Project("{2150E333-8FDC-42A3-9474-1A3956D46DE8}") = "DataService", "DataService", "{0C517711-4467-4821-A000-C91A9935B50E}"
EndProject
Project("{2150E333-8FDC-42A3-9474-1A3956D46DE8}") = "Client", "Client", "{C8AEBB05-DC81-4085-BEA3-F042D0D1B979}"
EndProject
Project("{FAE04EC0-301F-11D3-BF4B-00C04F79EFBC}") = "Gma.UserActivityMonitor", "Gma.UserActivityMonitor\Gma.UserActivityMonitor.csproj", "{F52AA97E-180A-40ED-8F2B-09080171D6C7}"
EndProject
Project("{FAE04EC0-301F-11D3-BF4B-00C04F79EFBC}") = "Addicto.DataService.Dal", "Addicto.DataService.Dal\Addicto.DataService.Dal.csproj", "{9F456AD2-8CCC-490D-B70A-A49121F02569}"
	ProjectSection(ProjectDependencies) = postProject
		{9F399DCE-7BA8-4E3D-BF8E-44A796BDF279} = {9F399DCE-7BA8-4E3D-BF8E-44A796BDF279}
	EndProjectSection
EndProject
Project("{FAE04EC0-301F-11D3-BF4B-00C04F79EFBC}") = "Addicto.DataService.Proxy", "Addicto.DataService.Proxy\Addicto.DataService.Proxy.csproj", "{A12EB5BE-5682-4BEE-9DDE-232D2A4E043B}"
EndProject
Project("{FAE04EC0-301F-11D3-BF4B-00C04F79EFBC}") = "Addicto.DataService.Business", "Addicto.DataService.Business\Addicto.DataService.Business.csproj", "{9C737B40-51D8-47B4-8AC2-40C21E3B0776}"
	ProjectSection(ProjectDependencies) = postProject
		{9F399DCE-7BA8-4E3D-BF8E-44A796BDF279} = {9F399DCE-7BA8-4E3D-BF8E-44A796BDF279}
	EndProjectSection
EndProject
Project("{FAE04EC0-301F-11D3-BF4B-00C04F79EFBC}") = "Addicto.DataService.Model", "Addicto.DataService.Model\Addicto.DataService.Model.csproj", "{9F399DCE-7BA8-4E3D-BF8E-44A796BDF279}"
EndProject
Project("{FAE04EC0-301F-11D3-BF4B-00C04F79EFBC}") = "Addicto.YandexTranslateApi", "Addicto.YandexTranslateApi\Addicto.YandexTranslateApi.csproj", "{F1BF17B3-154F-43BD-8C77-CEFC9D071E09}"
EndProject
Project("{2150E333-8FDC-42A3-9474-1A3956D46DE8}") = "Common", "Common", "{F9F99607-9905-4B7D-B648-396B21DD3719}"
EndProject
Project("{FAE04EC0-301F-11D3-BF4B-00C04F79EFBC}") = "Addicto.DataService.Api.Contracts", "Addicto.DataService.Api.Contracts\Addicto.DataService.Api.Contracts.csproj", "{020FF5D2-0742-4F99-BF05-FBF51058931F}"
EndProject
Project("{FAE04EC0-301F-11D3-BF4B-00C04F79EFBC}") = "Addicto.DataService.Business.Tests", "Addicto.DataService.Business.Tests\Addicto.DataService.Business.Tests.csproj", "{579BB9DE-A26F-4F93-9262-906174738FDD}"
EndProject
Project("{2150E333-8FDC-42A3-9474-1A3956D46DE8}") = "Core", "Core", "{3C19ABC2-C016-430C-B31A-F3FF05516DC6}"
EndProject
Project("{2150E333-8FDC-42A3-9474-1A3956D46DE8}") = "Modules", "Modules", "{D2E6E2C4-E29C-454E-AF37-1A54C528503F}"
EndProject
Project("{FAE04EC0-301F-11D3-BF4B-00C04F79EFBC}") = "Addicto.Core.Client", "Core\Addicto.Core.Client\Addicto.Core.Client.csproj", "{5EFACBED-422A-46A3-88E0-45A4C059026A}"
EndProject
Project("{FAE04EC0-301F-11D3-BF4B-00C04F79EFBC}") = "Addicto.Core.Client.Tests", "Core\Addicto.Core.Client.Tests\Addicto.Core.Client.Tests.csproj", "{7560C4DB-5FDC-4FE7-BFBE-C0B86D851CBE}"
EndProject
Project("{FAE04EC0-301F-11D3-BF4B-00C04F79EFBC}") = "Addicto.Core.Server", "Core\Addicto.Core.Server\Addicto.Core.Server.csproj", "{1E2F0B96-688A-4DCC-8DCF-E35051084824}"
EndProject
Project("{FAE04EC0-301F-11D3-BF4B-00C04F79EFBC}") = "Addicto.Core.Server.Tests", "Core\Addicto.Core.Server.Tests\Addicto.Core.Server.Tests.csproj", "{DDE28735-1A66-4E33-A354-D77F273E6D81}"
EndProject
Global
	GlobalSection(SolutionConfigurationPlatforms) = preSolution
		Debug|Any CPU = Debug|Any CPU
		Debug|Mixed Platforms = Debug|Mixed Platforms
		Debug|Win32 = Debug|Win32
		Debug|x64 = Debug|x64
		Release|Any CPU = Release|Any CPU
		Release|Mixed Platforms = Release|Mixed Platforms
		Release|Win32 = Release|Win32
		Release|x64 = Release|x64
	EndGlobalSection
	GlobalSection(ProjectConfigurationPlatforms) = postSolution
		{09C6DE3D-B472-4CE4-A155-4757667AA86B}.Debug|Any CPU.ActiveCfg = Debug|Win32
		{09C6DE3D-B472-4CE4-A155-4757667AA86B}.Debug|Mixed Platforms.ActiveCfg = Debug|Win32
		{09C6DE3D-B472-4CE4-A155-4757667AA86B}.Debug|Mixed Platforms.Build.0 = Debug|Win32
		{09C6DE3D-B472-4CE4-A155-4757667AA86B}.Debug|Win32.ActiveCfg = Debug|Win32
		{09C6DE3D-B472-4CE4-A155-4757667AA86B}.Debug|Win32.Build.0 = Debug|Win32
		{09C6DE3D-B472-4CE4-A155-4757667AA86B}.Debug|x64.ActiveCfg = Debug|x64
		{09C6DE3D-B472-4CE4-A155-4757667AA86B}.Debug|x64.Build.0 = Debug|x64
		{09C6DE3D-B472-4CE4-A155-4757667AA86B}.Release|Any CPU.ActiveCfg = Release|Win32
		{09C6DE3D-B472-4CE4-A155-4757667AA86B}.Release|Mixed Platforms.ActiveCfg = Release|Win32
		{09C6DE3D-B472-4CE4-A155-4757667AA86B}.Release|Mixed Platforms.Build.0 = Release|Win32
		{09C6DE3D-B472-4CE4-A155-4757667AA86B}.Release|Win32.ActiveCfg = Release|Win32
		{09C6DE3D-B472-4CE4-A155-4757667AA86B}.Release|Win32.Build.0 = Release|Win32
		{09C6DE3D-B472-4CE4-A155-4757667AA86B}.Release|x64.ActiveCfg = Release|x64
		{09C6DE3D-B472-4CE4-A155-4757667AA86B}.Release|x64.Build.0 = Release|x64
		{67FAD250-4370-421E-BF77-090B42529D60}.Debug|Any CPU.ActiveCfg = Debug|Any CPU
		{67FAD250-4370-421E-BF77-090B42529D60}.Debug|Any CPU.Build.0 = Debug|Any CPU
		{67FAD250-4370-421E-BF77-090B42529D60}.Debug|Mixed Platforms.ActiveCfg = Debug|Any CPU
		{67FAD250-4370-421E-BF77-090B42529D60}.Debug|Mixed Platforms.Build.0 = Debug|Any CPU
		{67FAD250-4370-421E-BF77-090B42529D60}.Debug|Win32.ActiveCfg = Debug|Any CPU
		{67FAD250-4370-421E-BF77-090B42529D60}.Debug|Win32.Build.0 = Debug|Any CPU
		{67FAD250-4370-421E-BF77-090B42529D60}.Debug|x64.ActiveCfg = Debug|Any CPU
		{67FAD250-4370-421E-BF77-090B42529D60}.Release|Any CPU.ActiveCfg = Release|Any CPU
		{67FAD250-4370-421E-BF77-090B42529D60}.Release|Any CPU.Build.0 = Release|Any CPU
		{67FAD250-4370-421E-BF77-090B42529D60}.Release|Mixed Platforms.ActiveCfg = Release|Any CPU
		{67FAD250-4370-421E-BF77-090B42529D60}.Release|Mixed Platforms.Build.0 = Release|Any CPU
		{67FAD250-4370-421E-BF77-090B42529D60}.Release|Win32.ActiveCfg = Release|Any CPU
		{67FAD250-4370-421E-BF77-090B42529D60}.Release|x64.ActiveCfg = Release|Any CPU
		{1987A934-4B39-4F24-A5AC-6C3F2DF5AE9C}.Debug|Any CPU.ActiveCfg = Debug|Any CPU
		{1987A934-4B39-4F24-A5AC-6C3F2DF5AE9C}.Debug|Any CPU.Build.0 = Debug|Any CPU
		{1987A934-4B39-4F24-A5AC-6C3F2DF5AE9C}.Debug|Mixed Platforms.ActiveCfg = Debug|Any CPU
		{1987A934-4B39-4F24-A5AC-6C3F2DF5AE9C}.Debug|Mixed Platforms.Build.0 = Debug|Any CPU
		{1987A934-4B39-4F24-A5AC-6C3F2DF5AE9C}.Debug|Win32.ActiveCfg = Debug|Any CPU
		{1987A934-4B39-4F24-A5AC-6C3F2DF5AE9C}.Debug|Win32.Build.0 = Debug|Any CPU
		{1987A934-4B39-4F24-A5AC-6C3F2DF5AE9C}.Debug|x64.ActiveCfg = Debug|Any CPU
		{1987A934-4B39-4F24-A5AC-6C3F2DF5AE9C}.Release|Any CPU.ActiveCfg = Release|Any CPU
		{1987A934-4B39-4F24-A5AC-6C3F2DF5AE9C}.Release|Any CPU.Build.0 = Release|Any CPU
		{1987A934-4B39-4F24-A5AC-6C3F2DF5AE9C}.Release|Mixed Platforms.ActiveCfg = Release|Any CPU
		{1987A934-4B39-4F24-A5AC-6C3F2DF5AE9C}.Release|Mixed Platforms.Build.0 = Release|Any CPU
		{1987A934-4B39-4F24-A5AC-6C3F2DF5AE9C}.Release|Win32.ActiveCfg = Release|Any CPU
		{1987A934-4B39-4F24-A5AC-6C3F2DF5AE9C}.Release|x64.ActiveCfg = Release|Any CPU
		{A95B884D-905E-45C8-A972-3FF811E0FE76}.Debug|Any CPU.ActiveCfg = Debug|Any CPU
		{A95B884D-905E-45C8-A972-3FF811E0FE76}.Debug|Any CPU.Build.0 = Debug|Any CPU
		{A95B884D-905E-45C8-A972-3FF811E0FE76}.Debug|Mixed Platforms.ActiveCfg = Debug|Any CPU
		{A95B884D-905E-45C8-A972-3FF811E0FE76}.Debug|Mixed Platforms.Build.0 = Debug|Any CPU
		{A95B884D-905E-45C8-A972-3FF811E0FE76}.Debug|Win32.ActiveCfg = Debug|Any CPU
		{A95B884D-905E-45C8-A972-3FF811E0FE76}.Debug|Win32.Build.0 = Debug|Any CPU
		{A95B884D-905E-45C8-A972-3FF811E0FE76}.Debug|x64.ActiveCfg = Debug|Any CPU
		{A95B884D-905E-45C8-A972-3FF811E0FE76}.Release|Any CPU.ActiveCfg = Release|Any CPU
		{A95B884D-905E-45C8-A972-3FF811E0FE76}.Release|Any CPU.Build.0 = Release|Any CPU
		{A95B884D-905E-45C8-A972-3FF811E0FE76}.Release|Mixed Platforms.ActiveCfg = Release|Any CPU
		{A95B884D-905E-45C8-A972-3FF811E0FE76}.Release|Mixed Platforms.Build.0 = Release|Any CPU
		{A95B884D-905E-45C8-A972-3FF811E0FE76}.Release|Win32.ActiveCfg = Release|Any CPU
		{A95B884D-905E-45C8-A972-3FF811E0FE76}.Release|x64.ActiveCfg = Release|Any CPU
		{F52AA97E-180A-40ED-8F2B-09080171D6C7}.Debug|Any CPU.ActiveCfg = Debug|Any CPU
		{F52AA97E-180A-40ED-8F2B-09080171D6C7}.Debug|Any CPU.Build.0 = Debug|Any CPU
		{F52AA97E-180A-40ED-8F2B-09080171D6C7}.Debug|Mixed Platforms.ActiveCfg = Debug|Any CPU
		{F52AA97E-180A-40ED-8F2B-09080171D6C7}.Debug|Mixed Platforms.Build.0 = Debug|Any CPU
		{F52AA97E-180A-40ED-8F2B-09080171D6C7}.Debug|Win32.ActiveCfg = Debug|Any CPU
		{F52AA97E-180A-40ED-8F2B-09080171D6C7}.Debug|Win32.Build.0 = Debug|Any CPU
		{F52AA97E-180A-40ED-8F2B-09080171D6C7}.Debug|x64.ActiveCfg = Debug|Any CPU
		{F52AA97E-180A-40ED-8F2B-09080171D6C7}.Release|Any CPU.ActiveCfg = Release|Any CPU
		{F52AA97E-180A-40ED-8F2B-09080171D6C7}.Release|Any CPU.Build.0 = Release|Any CPU
		{F52AA97E-180A-40ED-8F2B-09080171D6C7}.Release|Mixed Platforms.ActiveCfg = Release|Any CPU
		{F52AA97E-180A-40ED-8F2B-09080171D6C7}.Release|Mixed Platforms.Build.0 = Release|Any CPU
		{F52AA97E-180A-40ED-8F2B-09080171D6C7}.Release|Win32.ActiveCfg = Release|Any CPU
		{F52AA97E-180A-40ED-8F2B-09080171D6C7}.Release|x64.ActiveCfg = Release|Any CPU
		{9F456AD2-8CCC-490D-B70A-A49121F02569}.Debug|Any CPU.ActiveCfg = Debug|Any CPU
		{9F456AD2-8CCC-490D-B70A-A49121F02569}.Debug|Any CPU.Build.0 = Debug|Any CPU
		{9F456AD2-8CCC-490D-B70A-A49121F02569}.Debug|Mixed Platforms.ActiveCfg = Debug|Any CPU
		{9F456AD2-8CCC-490D-B70A-A49121F02569}.Debug|Mixed Platforms.Build.0 = Debug|Any CPU
		{9F456AD2-8CCC-490D-B70A-A49121F02569}.Debug|Win32.ActiveCfg = Debug|Any CPU
		{9F456AD2-8CCC-490D-B70A-A49121F02569}.Debug|Win32.Build.0 = Debug|Any CPU
		{9F456AD2-8CCC-490D-B70A-A49121F02569}.Debug|x64.ActiveCfg = Debug|Any CPU
		{9F456AD2-8CCC-490D-B70A-A49121F02569}.Release|Any CPU.ActiveCfg = Release|Any CPU
		{9F456AD2-8CCC-490D-B70A-A49121F02569}.Release|Any CPU.Build.0 = Release|Any CPU
		{9F456AD2-8CCC-490D-B70A-A49121F02569}.Release|Mixed Platforms.ActiveCfg = Release|Any CPU
		{9F456AD2-8CCC-490D-B70A-A49121F02569}.Release|Mixed Platforms.Build.0 = Release|Any CPU
		{9F456AD2-8CCC-490D-B70A-A49121F02569}.Release|Win32.ActiveCfg = Release|Any CPU
		{9F456AD2-8CCC-490D-B70A-A49121F02569}.Release|x64.ActiveCfg = Release|Any CPU
		{A12EB5BE-5682-4BEE-9DDE-232D2A4E043B}.Debug|Any CPU.ActiveCfg = Debug|Any CPU
		{A12EB5BE-5682-4BEE-9DDE-232D2A4E043B}.Debug|Any CPU.Build.0 = Debug|Any CPU
		{A12EB5BE-5682-4BEE-9DDE-232D2A4E043B}.Debug|Mixed Platforms.ActiveCfg = Debug|Any CPU
		{A12EB5BE-5682-4BEE-9DDE-232D2A4E043B}.Debug|Mixed Platforms.Build.0 = Debug|Any CPU
		{A12EB5BE-5682-4BEE-9DDE-232D2A4E043B}.Debug|Win32.ActiveCfg = Debug|Any CPU
		{A12EB5BE-5682-4BEE-9DDE-232D2A4E043B}.Debug|Win32.Build.0 = Debug|Any CPU
		{A12EB5BE-5682-4BEE-9DDE-232D2A4E043B}.Debug|x64.ActiveCfg = Debug|Any CPU
		{A12EB5BE-5682-4BEE-9DDE-232D2A4E043B}.Release|Any CPU.ActiveCfg = Release|Any CPU
		{A12EB5BE-5682-4BEE-9DDE-232D2A4E043B}.Release|Any CPU.Build.0 = Release|Any CPU
		{A12EB5BE-5682-4BEE-9DDE-232D2A4E043B}.Release|Mixed Platforms.ActiveCfg = Release|Any CPU
		{A12EB5BE-5682-4BEE-9DDE-232D2A4E043B}.Release|Mixed Platforms.Build.0 = Release|Any CPU
		{A12EB5BE-5682-4BEE-9DDE-232D2A4E043B}.Release|Win32.ActiveCfg = Release|Any CPU
		{A12EB5BE-5682-4BEE-9DDE-232D2A4E043B}.Release|x64.ActiveCfg = Release|Any CPU
		{9C737B40-51D8-47B4-8AC2-40C21E3B0776}.Debug|Any CPU.ActiveCfg = Debug|Any CPU
		{9C737B40-51D8-47B4-8AC2-40C21E3B0776}.Debug|Any CPU.Build.0 = Debug|Any CPU
		{9C737B40-51D8-47B4-8AC2-40C21E3B0776}.Debug|Mixed Platforms.ActiveCfg = Debug|Any CPU
		{9C737B40-51D8-47B4-8AC2-40C21E3B0776}.Debug|Mixed Platforms.Build.0 = Debug|Any CPU
		{9C737B40-51D8-47B4-8AC2-40C21E3B0776}.Debug|Win32.ActiveCfg = Debug|Any CPU
		{9C737B40-51D8-47B4-8AC2-40C21E3B0776}.Debug|Win32.Build.0 = Debug|Any CPU
		{9C737B40-51D8-47B4-8AC2-40C21E3B0776}.Debug|x64.ActiveCfg = Debug|Any CPU
		{9C737B40-51D8-47B4-8AC2-40C21E3B0776}.Release|Any CPU.ActiveCfg = Release|Any CPU
		{9C737B40-51D8-47B4-8AC2-40C21E3B0776}.Release|Any CPU.Build.0 = Release|Any CPU
		{9C737B40-51D8-47B4-8AC2-40C21E3B0776}.Release|Mixed Platforms.ActiveCfg = Release|Any CPU
		{9C737B40-51D8-47B4-8AC2-40C21E3B0776}.Release|Mixed Platforms.Build.0 = Release|Any CPU
		{9C737B40-51D8-47B4-8AC2-40C21E3B0776}.Release|Win32.ActiveCfg = Release|Any CPU
		{9C737B40-51D8-47B4-8AC2-40C21E3B0776}.Release|x64.ActiveCfg = Release|Any CPU
		{9F399DCE-7BA8-4E3D-BF8E-44A796BDF279}.Debug|Any CPU.ActiveCfg = Debug|Any CPU
		{9F399DCE-7BA8-4E3D-BF8E-44A796BDF279}.Debug|Any CPU.Build.0 = Debug|Any CPU
		{9F399DCE-7BA8-4E3D-BF8E-44A796BDF279}.Debug|Mixed Platforms.ActiveCfg = Debug|Any CPU
		{9F399DCE-7BA8-4E3D-BF8E-44A796BDF279}.Debug|Mixed Platforms.Build.0 = Debug|Any CPU
		{9F399DCE-7BA8-4E3D-BF8E-44A796BDF279}.Debug|Win32.ActiveCfg = Debug|Any CPU
		{9F399DCE-7BA8-4E3D-BF8E-44A796BDF279}.Debug|Win32.Build.0 = Debug|Any CPU
		{9F399DCE-7BA8-4E3D-BF8E-44A796BDF279}.Debug|x64.ActiveCfg = Debug|Any CPU
		{9F399DCE-7BA8-4E3D-BF8E-44A796BDF279}.Release|Any CPU.ActiveCfg = Release|Any CPU
		{9F399DCE-7BA8-4E3D-BF8E-44A796BDF279}.Release|Any CPU.Build.0 = Release|Any CPU
		{9F399DCE-7BA8-4E3D-BF8E-44A796BDF279}.Release|Mixed Platforms.ActiveCfg = Release|Any CPU
		{9F399DCE-7BA8-4E3D-BF8E-44A796BDF279}.Release|Mixed Platforms.Build.0 = Release|Any CPU
		{9F399DCE-7BA8-4E3D-BF8E-44A796BDF279}.Release|Win32.ActiveCfg = Release|Any CPU
		{9F399DCE-7BA8-4E3D-BF8E-44A796BDF279}.Release|x64.ActiveCfg = Release|Any CPU
		{F1BF17B3-154F-43BD-8C77-CEFC9D071E09}.Debug|Any CPU.ActiveCfg = Debug|Any CPU
		{F1BF17B3-154F-43BD-8C77-CEFC9D071E09}.Debug|Any CPU.Build.0 = Debug|Any CPU
		{F1BF17B3-154F-43BD-8C77-CEFC9D071E09}.Debug|Mixed Platforms.ActiveCfg = Debug|Any CPU
		{F1BF17B3-154F-43BD-8C77-CEFC9D071E09}.Debug|Mixed Platforms.Build.0 = Debug|Any CPU
		{F1BF17B3-154F-43BD-8C77-CEFC9D071E09}.Debug|Win32.ActiveCfg = Debug|Any CPU
		{F1BF17B3-154F-43BD-8C77-CEFC9D071E09}.Debug|Win32.Build.0 = Debug|Any CPU
		{F1BF17B3-154F-43BD-8C77-CEFC9D071E09}.Debug|x64.ActiveCfg = Debug|Any CPU
		{F1BF17B3-154F-43BD-8C77-CEFC9D071E09}.Release|Any CPU.ActiveCfg = Release|Any CPU
		{F1BF17B3-154F-43BD-8C77-CEFC9D071E09}.Release|Any CPU.Build.0 = Release|Any CPU
		{F1BF17B3-154F-43BD-8C77-CEFC9D071E09}.Release|Mixed Platforms.ActiveCfg = Release|Any CPU
		{F1BF17B3-154F-43BD-8C77-CEFC9D071E09}.Release|Mixed Platforms.Build.0 = Release|Any CPU
		{F1BF17B3-154F-43BD-8C77-CEFC9D071E09}.Release|Win32.ActiveCfg = Release|Any CPU
		{F1BF17B3-154F-43BD-8C77-CEFC9D071E09}.Release|x64.ActiveCfg = Release|Any CPU
		{020FF5D2-0742-4F99-BF05-FBF51058931F}.Debug|Any CPU.ActiveCfg = Debug|Any CPU
		{020FF5D2-0742-4F99-BF05-FBF51058931F}.Debug|Any CPU.Build.0 = Debug|Any CPU
		{020FF5D2-0742-4F99-BF05-FBF51058931F}.Debug|Mixed Platforms.ActiveCfg = Debug|Any CPU
		{020FF5D2-0742-4F99-BF05-FBF51058931F}.Debug|Mixed Platforms.Build.0 = Debug|Any CPU
		{020FF5D2-0742-4F99-BF05-FBF51058931F}.Debug|Win32.ActiveCfg = Debug|Any CPU
		{020FF5D2-0742-4F99-BF05-FBF51058931F}.Debug|Win32.Build.0 = Debug|Any CPU
		{020FF5D2-0742-4F99-BF05-FBF51058931F}.Debug|x64.ActiveCfg = Debug|Any CPU
		{020FF5D2-0742-4F99-BF05-FBF51058931F}.Release|Any CPU.ActiveCfg = Release|Any CPU
		{020FF5D2-0742-4F99-BF05-FBF51058931F}.Release|Any CPU.Build.0 = Release|Any CPU
		{020FF5D2-0742-4F99-BF05-FBF51058931F}.Release|Mixed Platforms.ActiveCfg = Release|Any CPU
		{020FF5D2-0742-4F99-BF05-FBF51058931F}.Release|Mixed Platforms.Build.0 = Release|Any CPU
		{020FF5D2-0742-4F99-BF05-FBF51058931F}.Release|Win32.ActiveCfg = Release|Any CPU
		{020FF5D2-0742-4F99-BF05-FBF51058931F}.Release|x64.ActiveCfg = Release|Any CPU
		{579BB9DE-A26F-4F93-9262-906174738FDD}.Debug|Any CPU.ActiveCfg = Debug|Any CPU
		{579BB9DE-A26F-4F93-9262-906174738FDD}.Debug|Any CPU.Build.0 = Debug|Any CPU
		{579BB9DE-A26F-4F93-9262-906174738FDD}.Debug|Mixed Platforms.ActiveCfg = Debug|Any CPU
		{579BB9DE-A26F-4F93-9262-906174738FDD}.Debug|Mixed Platforms.Build.0 = Debug|Any CPU
		{579BB9DE-A26F-4F93-9262-906174738FDD}.Debug|Win32.ActiveCfg = Debug|Any CPU
		{579BB9DE-A26F-4F93-9262-906174738FDD}.Debug|x64.ActiveCfg = Debug|Any CPU
		{579BB9DE-A26F-4F93-9262-906174738FDD}.Release|Any CPU.ActiveCfg = Release|Any CPU
		{579BB9DE-A26F-4F93-9262-906174738FDD}.Release|Any CPU.Build.0 = Release|Any CPU
		{579BB9DE-A26F-4F93-9262-906174738FDD}.Release|Mixed Platforms.ActiveCfg = Release|Any CPU
		{579BB9DE-A26F-4F93-9262-906174738FDD}.Release|Mixed Platforms.Build.0 = Release|Any CPU
		{579BB9DE-A26F-4F93-9262-906174738FDD}.Release|Win32.ActiveCfg = Release|Any CPU
		{579BB9DE-A26F-4F93-9262-906174738FDD}.Release|x64.ActiveCfg = Release|Any CPU
		{5EFACBED-422A-46A3-88E0-45A4C059026A}.Debug|Any CPU.ActiveCfg = Debug|Any CPU
		{5EFACBED-422A-46A3-88E0-45A4C059026A}.Debug|Any CPU.Build.0 = Debug|Any CPU
		{5EFACBED-422A-46A3-88E0-45A4C059026A}.Debug|Mixed Platforms.ActiveCfg = Debug|Any CPU
		{5EFACBED-422A-46A3-88E0-45A4C059026A}.Debug|Mixed Platforms.Build.0 = Debug|Any CPU
		{5EFACBED-422A-46A3-88E0-45A4C059026A}.Debug|Win32.ActiveCfg = Debug|Any CPU
		{5EFACBED-422A-46A3-88E0-45A4C059026A}.Debug|x64.ActiveCfg = Debug|Any CPU
		{5EFACBED-422A-46A3-88E0-45A4C059026A}.Release|Any CPU.ActiveCfg = Release|Any CPU
		{5EFACBED-422A-46A3-88E0-45A4C059026A}.Release|Any CPU.Build.0 = Release|Any CPU
		{5EFACBED-422A-46A3-88E0-45A4C059026A}.Release|Mixed Platforms.ActiveCfg = Release|Any CPU
		{5EFACBED-422A-46A3-88E0-45A4C059026A}.Release|Mixed Platforms.Build.0 = Release|Any CPU
		{5EFACBED-422A-46A3-88E0-45A4C059026A}.Release|Win32.ActiveCfg = Release|Any CPU
		{5EFACBED-422A-46A3-88E0-45A4C059026A}.Release|x64.ActiveCfg = Release|Any CPU
		{7560C4DB-5FDC-4FE7-BFBE-C0B86D851CBE}.Debug|Any CPU.ActiveCfg = Debug|Any CPU
		{7560C4DB-5FDC-4FE7-BFBE-C0B86D851CBE}.Debug|Any CPU.Build.0 = Debug|Any CPU
		{7560C4DB-5FDC-4FE7-BFBE-C0B86D851CBE}.Debug|Mixed Platforms.ActiveCfg = Debug|Any CPU
		{7560C4DB-5FDC-4FE7-BFBE-C0B86D851CBE}.Debug|Mixed Platforms.Build.0 = Debug|Any CPU
		{7560C4DB-5FDC-4FE7-BFBE-C0B86D851CBE}.Debug|Win32.ActiveCfg = Debug|Any CPU
		{7560C4DB-5FDC-4FE7-BFBE-C0B86D851CBE}.Debug|x64.ActiveCfg = Debug|Any CPU
		{7560C4DB-5FDC-4FE7-BFBE-C0B86D851CBE}.Release|Any CPU.ActiveCfg = Release|Any CPU
		{7560C4DB-5FDC-4FE7-BFBE-C0B86D851CBE}.Release|Any CPU.Build.0 = Release|Any CPU
		{7560C4DB-5FDC-4FE7-BFBE-C0B86D851CBE}.Release|Mixed Platforms.ActiveCfg = Release|Any CPU
		{7560C4DB-5FDC-4FE7-BFBE-C0B86D851CBE}.Release|Mixed Platforms.Build.0 = Release|Any CPU
		{7560C4DB-5FDC-4FE7-BFBE-C0B86D851CBE}.Release|Win32.ActiveCfg = Release|Any CPU
		{7560C4DB-5FDC-4FE7-BFBE-C0B86D851CBE}.Release|x64.ActiveCfg = Release|Any CPU
		{1E2F0B96-688A-4DCC-8DCF-E35051084824}.Debug|Any CPU.ActiveCfg = Debug|Any CPU
		{1E2F0B96-688A-4DCC-8DCF-E35051084824}.Debug|Any CPU.Build.0 = Debug|Any CPU
		{1E2F0B96-688A-4DCC-8DCF-E35051084824}.Debug|Mixed Platforms.ActiveCfg = Debug|Any CPU
		{1E2F0B96-688A-4DCC-8DCF-E35051084824}.Debug|Mixed Platforms.Build.0 = Debug|Any CPU
		{1E2F0B96-688A-4DCC-8DCF-E35051084824}.Debug|Win32.ActiveCfg = Debug|Any CPU
		{1E2F0B96-688A-4DCC-8DCF-E35051084824}.Debug|x64.ActiveCfg = Debug|Any CPU
		{1E2F0B96-688A-4DCC-8DCF-E35051084824}.Release|Any CPU.ActiveCfg = Release|Any CPU
		{1E2F0B96-688A-4DCC-8DCF-E35051084824}.Release|Any CPU.Build.0 = Release|Any CPU
		{1E2F0B96-688A-4DCC-8DCF-E35051084824}.Release|Mixed Platforms.ActiveCfg = Release|Any CPU
		{1E2F0B96-688A-4DCC-8DCF-E35051084824}.Release|Mixed Platforms.Build.0 = Release|Any CPU
		{1E2F0B96-688A-4DCC-8DCF-E35051084824}.Release|Win32.ActiveCfg = Release|Any CPU
		{1E2F0B96-688A-4DCC-8DCF-E35051084824}.Release|x64.ActiveCfg = Release|Any CPU
		{DDE28735-1A66-4E33-A354-D77F273E6D81}.Debug|Any CPU.ActiveCfg = Debug|Any CPU
		{DDE28735-1A66-4E33-A354-D77F273E6D81}.Debug|Any CPU.Build.0 = Debug|Any CPU
		{DDE28735-1A66-4E33-A354-D77F273E6D81}.Debug|Mixed Platforms.ActiveCfg = Debug|Any CPU
		{DDE28735-1A66-4E33-A354-D77F273E6D81}.Debug|Mixed Platforms.Build.0 = Debug|Any CPU
		{DDE28735-1A66-4E33-A354-D77F273E6D81}.Debug|Win32.ActiveCfg = Debug|Any CPU
		{DDE28735-1A66-4E33-A354-D77F273E6D81}.Debug|x64.ActiveCfg = Debug|Any CPU
		{DDE28735-1A66-4E33-A354-D77F273E6D81}.Release|Any CPU.ActiveCfg = Release|Any CPU
		{DDE28735-1A66-4E33-A354-D77F273E6D81}.Release|Any CPU.Build.0 = Release|Any CPU
		{DDE28735-1A66-4E33-A354-D77F273E6D81}.Release|Mixed Platforms.ActiveCfg = Release|Any CPU
		{DDE28735-1A66-4E33-A354-D77F273E6D81}.Release|Mixed Platforms.Build.0 = Release|Any CPU
		{DDE28735-1A66-4E33-A354-D77F273E6D81}.Release|Win32.ActiveCfg = Release|Any CPU
		{DDE28735-1A66-4E33-A354-D77F273E6D81}.Release|x64.ActiveCfg = Release|Any CPU
	EndGlobalSection
	GlobalSection(SolutionProperties) = preSolution
		HideSolutionNode = FALSE
	EndGlobalSection
	GlobalSection(NestedProjects) = preSolution
		{09C6DE3D-B472-4CE4-A155-4757667AA86B} = {3C19ABC2-C016-430C-B31A-F3FF05516DC6}
		{67FAD250-4370-421E-BF77-090B42529D60} = {C8AEBB05-DC81-4085-BEA3-F042D0D1B979}
		{1987A934-4B39-4F24-A5AC-6C3F2DF5AE9C} = {0C517711-4467-4821-A000-C91A9935B50E}
		{A95B884D-905E-45C8-A972-3FF811E0FE76} = {096A3723-BFE3-4E5C-A171-AEB511D85118}
		{F52AA97E-180A-40ED-8F2B-09080171D6C7} = {C8AEBB05-DC81-4085-BEA3-F042D0D1B979}
		{9F456AD2-8CCC-490D-B70A-A49121F02569} = {0C517711-4467-4821-A000-C91A9935B50E}
		{A12EB5BE-5682-4BEE-9DDE-232D2A4E043B} = {0C517711-4467-4821-A000-C91A9935B50E}
		{9C737B40-51D8-47B4-8AC2-40C21E3B0776} = {0C517711-4467-4821-A000-C91A9935B50E}
		{9F399DCE-7BA8-4E3D-BF8E-44A796BDF279} = {0C517711-4467-4821-A000-C91A9935B50E}
		{F1BF17B3-154F-43BD-8C77-CEFC9D071E09} = {0C517711-4467-4821-A000-C91A9935B50E}
		{020FF5D2-0742-4F99-BF05-FBF51058931F} = {F9F99607-9905-4B7D-B648-396B21DD3719}
		{579BB9DE-A26F-4F93-9262-906174738FDD} = {096A3723-BFE3-4E5C-A171-AEB511D85118}
		{5EFACBED-422A-46A3-88E0-45A4C059026A} = {3C19ABC2-C016-430C-B31A-F3FF05516DC6}
		{7560C4DB-5FDC-4FE7-BFBE-C0B86D851CBE} = {3C19ABC2-C016-430C-B31A-F3FF05516DC6}
		{1E2F0B96-688A-4DCC-8DCF-E35051084824} = {3C19ABC2-C016-430C-B31A-F3FF05516DC6}
		{DDE28735-1A66-4E33-A354-D77F273E6D81} = {3C19ABC2-C016-430C-B31A-F3FF05516DC6}
	EndGlobalSection
EndGlobal
